
Microsoft Visual Studio Solution File, Format Version 12.00
Project("{FAE04EC0-301F-11D3-BF4B-00C04F79EFBC}") = "Ex_pr_01", "Ex_pr_01\Ex_pr_01.csproj", "{AE7AE35D-1C58-49C0-B8FE-E60923094ABD}"
EndProject
Global
	GlobalSection(SolutionConfigurationPlatforms) = preSolution
		Debug|Any CPU = Debug|Any CPU
		Release|Any CPU = Release|Any CPU
	EndGlobalSection
	GlobalSection(ProjectConfigurationPlatforms) = postSolution
		{AE7AE35D-1C58-49C0-B8FE-E60923094ABD}.Debug|Any CPU.ActiveCfg = Debug|Any CPU
		{AE7AE35D-1C58-49C0-B8FE-E60923094ABD}.Debug|Any CPU.Build.0 = Debug|Any CPU
		{AE7AE35D-1C58-49C0-B8FE-E60923094ABD}.Release|Any CPU.ActiveCfg = Release|Any CPU
		{AE7AE35D-1C58-49C0-B8FE-E60923094ABD}.Release|Any CPU.Build.0 = Release|Any CPU
	EndGlobalSection
EndGlobal
